
Microsoft Visual Studio Solution File, Format Version 12.00
# Visual Studio Version 17
VisualStudioVersion = 17.9.34701.34
MinimumVisualStudioVersion = 10.0.40219.1
Project("{FAE04EC0-301F-11D3-BF4B-00C04F79EFBC}") = "ConnectFour", "ConnectFour.csproj", "{99DB7B84-8924-431C-8197-2636AE127B6E}"
EndProject
Project("{FAE04EC0-301F-11D3-BF4B-00C04F79EFBC}") = "ConnectFour.Tests", "..\ConnectFour.Tests\ConnectFour.Tests.csproj", "{7CEC98D1-3AE2-43AE-BD72-8A00B7AEA6BF}"
EndProject
Global
	GlobalSection(SolutionConfigurationPlatforms) = preSolution
		Debug|Any CPU = Debug|Any CPU
		Release|Any CPU = Release|Any CPU
	EndGlobalSection
	GlobalSection(ProjectConfigurationPlatforms) = postSolution
		{99DB7B84-8924-431C-8197-2636AE127B6E}.Debug|Any CPU.ActiveCfg = Debug|Any CPU
		{99DB7B84-8924-431C-8197-2636AE127B6E}.Debug|Any CPU.Build.0 = Debug|Any CPU
		{99DB7B84-8924-431C-8197-2636AE127B6E}.Release|Any CPU.ActiveCfg = Release|Any CPU
		{99DB7B84-8924-431C-8197-2636AE127B6E}.Release|Any CPU.Build.0 = Release|Any CPU
		{7CEC98D1-3AE2-43AE-BD72-8A00B7AEA6BF}.Debug|Any CPU.ActiveCfg = Debug|Any CPU
		{7CEC98D1-3AE2-43AE-BD72-8A00B7AEA6BF}.Debug|Any CPU.Build.0 = Debug|Any CPU
		{7CEC98D1-3AE2-43AE-BD72-8A00B7AEA6BF}.Release|Any CPU.ActiveCfg = Release|Any CPU
		{7CEC98D1-3AE2-43AE-BD72-8A00B7AEA6BF}.Release|Any CPU.Build.0 = Release|Any CPU
	EndGlobalSection
	GlobalSection(SolutionProperties) = preSolution
		HideSolutionNode = FALSE
	EndGlobalSection
	GlobalSection(ExtensibilityGlobals) = postSolution
		SolutionGuid = {6F0F3E11-CD6C-42EE-A7BD-F26122D2E93A}
	EndGlobalSection
EndGlobal
